
Microsoft Visual Studio Solution File, Format Version 12.00
# Visual Studio Version 16
VisualStudioVersion = 16.0.31424.327
MinimumVisualStudioVersion = 10.0.40219.1
Project("{FAE04EC0-301F-11D3-BF4B-00C04F79EFBC}") = "PetStore", "PetStore\PetStore.csproj", "{AFD5F8C2-EC49-4F49-8AB0-62575E5329FD}"
EndProject
Global
	GlobalSection(SolutionConfigurationPlatforms) = preSolution
		Debug|Any CPU = Debug|Any CPU
		Release|Any CPU = Release|Any CPU
	EndGlobalSection
	GlobalSection(ProjectConfigurationPlatforms) = postSolution
		{AFD5F8C2-EC49-4F49-8AB0-62575E5329FD}.Debug|Any CPU.ActiveCfg = Debug|Any CPU
		{AFD5F8C2-EC49-4F49-8AB0-62575E5329FD}.Debug|Any CPU.Build.0 = Debug|Any CPU
		{AFD5F8C2-EC49-4F49-8AB0-62575E5329FD}.Release|Any CPU.ActiveCfg = Release|Any CPU
		{AFD5F8C2-EC49-4F49-8AB0-62575E5329FD}.Release|Any CPU.Build.0 = Release|Any CPU
	EndGlobalSection
	GlobalSection(SolutionProperties) = preSolution
		HideSolutionNode = FALSE
	EndGlobalSection
	GlobalSection(ExtensibilityGlobals) = postSolution
		SolutionGuid = {539A1D9A-FAD3-4240-A1D4-972DF6AC795A}
	EndGlobalSection
EndGlobal
